{
  "version": 4,
  "terraform_version": "1.9.8",
  "serial": 22,
  "lineage": "7027979c-c896-fb9e-8510-b1b8d718d175",
  "outputs": {},
  "resources": [
    {
      "mode": "managed",
      "type": "azurerm_linux_virtual_machine",
      "name": "vm",
      "provider": "provider[\"registry.terraform.io/hashicorp/azurerm\"]",
      "instances": [
        {
          "schema_version": 0,
          "attributes": {
            "additional_capabilities": [],
            "admin_password": null,
            "admin_ssh_key": [
              {
                "public_key": "ssh-rsa AAAAB3NzaC1yc2EAAAADAQABAAACAQDJoWYpoQEEUNO/qSlwsl3aUbHAn4OoDs8sEfP/1xlcdUl2HF1T8oFaG6HLOy2CmVtOwH8w1LOoa1d/Tf9k5yET+R5v3s+kF/jpmIRtsDg+0Gv49fPpSwXHSHjRcQvdwZ679ffPb47WGLrxRJnPgXbdm4qSnpzrt0cvRgxQtuHchzKBqVhcu8e2AurPWKVk44kPa0bUoIanzavf5emnI7WS+xaqG0fh1rt7j+SEPGf7Q93xpfXSXqUnlOquj2QGSUvXdjDn/myGrVfH072neSSiP+wKln25xsV4gyBaD4ScCtdTnHmhTl9pAEPUtrVO6U3c554mN5BGt56BpZQrvmYjl3jo4yK9cSBQcTzlez7OZOjhSROFrtd1c8xKO6yIBgJ0rfxUV+B2aZqqvroasMmchqf3aoPQZQjMUVFpI1L6mEx9IDEBlWLhdyBD45XE2VtF0R1WR7WhkduUCnSs8bqk2vXmR00QLUL9rsFtxDNpp13mpdxQ+QE7aNoHLnC8ZJFgOsvIzeoBMj5VcKubLaddhiJRvov8FKMvseCskd4JL3XfExPXSY72Wq8/Pq+FWO5sFpIbLBg7kleafRMkdk+RqTDuAuscoXx+P4S5WKKCkpup6rXiIJmEAxCuo4S58KiG9N2fLOQ94M5j1PVDEjOgTRhAv9Q3J+UOftTVcHakTQ== azureuser@vm\r\n",
                "username": "azureuser"
              }
            ],
            "admin_username": "azureuser",
            "allow_extension_operations": true,
            "availability_set_id": "",
            "boot_diagnostics": [],
            "bypass_platform_safety_checks_on_user_schedule_enabled": false,
            "capacity_reservation_group_id": "",
            "computer_name": "vm-server-web",
            "custom_data": "IyEvYmluL2Jhc2gNCmFwdCB1cGRhdGUgLXkNCmFwdCBpbnN0YWxsIC15IGRlZmF1bHQtamRrIHdnZXQNCg0KIyBJbnN0YWxsZXIgVG9tY2F0DQpjZCAvb3B0DQp3Z2V0IGh0dHBzOi8vZG93bmxvYWRzLmFwYWNoZS5vcmcvdG9tY2F0L3RvbWNhdC05L3Y5LjAuODUvYmluL2FwYWNoZS10b21jYXQtOS4wLjg1LnRhci5neg0KdGFyIC14emYgYXBhY2hlLXRvbWNhdC05LjAuODUudGFyLmd6DQptdiBhcGFjaGUtdG9tY2F0LTkuMC44NSB0b21jYXQ5DQoNCiMgTGFuY2VyIFRvbWNhdA0KY2htb2QgK3ggL29wdC90b21jYXQ5L2Jpbi8qLnNoDQovb3B0L3RvbWNhdDkvYmluL3N0YXJ0dXAuc2gNCg==",
            "dedicated_host_group_id": "",
            "dedicated_host_id": "",
            "disable_password_authentication": true,
            "disk_controller_type": "",
            "edge_zone": "",
            "encryption_at_host_enabled": false,
            "eviction_policy": "",
            "extensions_time_budget": "PT1H30M",
            "gallery_application": [],
            "id": "/subscriptions/9798ff17-1de5-4d3e-87dd-30683bcbe1c5/resourceGroups/my-azure-rsc-vm-serverweb/providers/Microsoft.Compute/virtualMachines/vm-server-web",
            "identity": [],
            "license_type": "",
            "location": "francecentral",
            "max_bid_price": -1,
            "name": "vm-server-web",
            "network_interface_ids": [
              "/subscriptions/9798ff17-1de5-4d3e-87dd-30683bcbe1c5/resourceGroups/my-azure-rsc-vm-serverweb/providers/Microsoft.Network/networkInterfaces/nic-serverweb"
            ],
            "os_disk": [
              {
                "caching": "ReadWrite",
                "diff_disk_settings": [],
                "disk_encryption_set_id": "",
                "disk_size_gb": 30,
                "name": "osdisk",
                "secure_vm_disk_encryption_set_id": "",
                "security_encryption_type": "",
                "storage_account_type": "Standard_LRS",
                "write_accelerator_enabled": false
              }
            ],
            "os_image_notification": [],
            "patch_assessment_mode": "ImageDefault",
            "patch_mode": "ImageDefault",
            "plan": [],
            "platform_fault_domain": -1,
            "priority": "Regular",
            "private_ip_address": "10.0.2.4",
            "private_ip_addresses": [
              "10.0.2.4"
            ],
            "provision_vm_agent": true,
            "proximity_placement_group_id": "",
            "public_ip_address": "",
            "public_ip_addresses": [],
            "reboot_setting": "",
            "resource_group_name": "my-azure-rsc-vm-serverweb",
            "secret": [],
            "secure_boot_enabled": false,
            "size": "Standard_B1s",
            "source_image_id": "",
            "source_image_reference": [
              {
                "offer": "0001-com-ubuntu-server-jammy",
                "publisher": "Canonical",
                "sku": "22_04-lts",
                "version": "latest"
              }
            ],
            "tags": {},
            "termination_notification": [],
            "timeouts": null,
            "user_data": "",
            "virtual_machine_id": "51701bce-4cad-4f2c-906e-8475ced026d2",
            "virtual_machine_scale_set_id": "",
            "vm_agent_platform_updates_enabled": false,
            "vtpm_enabled": false,
            "zone": ""
          },
          "sensitive_attributes": [
            [
              {
                "type": "get_attr",
                "value": "custom_data"
              }
            ],
            [
              {
                "type": "get_attr",
                "value": "admin_password"
              }
            ]
          ],
          "private": "eyJlMmJmYjczMC1lY2FhLTExZTYtOGY4OC0zNDM2M2JjN2M0YzAiOnsiY3JlYXRlIjoyNzAwMDAwMDAwMDAwLCJkZWxldGUiOjI3MDAwMDAwMDAwMDAsInJlYWQiOjMwMDAwMDAwMDAwMCwidXBkYXRlIjoyNzAwMDAwMDAwMDAwfX0=",
          "dependencies": [
            "azurerm_network_interface.nic",
            "azurerm_resource_group.my-azure-rsc",
            "azurerm_subnet.subnet",
            "azurerm_virtual_network.vnet"
          ]
        }
      ]
    },
    {
      "mode": "managed",
      "type": "azurerm_network_interface",
      "name": "nic",
      "provider": "provider[\"registry.terraform.io/hashicorp/azurerm\"]",
      "instances": [
        {
          "schema_version": 0,
          "attributes": {
            "accelerated_networking_enabled": false,
            "applied_dns_servers": [],
            "auxiliary_mode": "",
            "auxiliary_sku": "",
            "dns_servers": [],
            "edge_zone": "",
            "enable_accelerated_networking": false,
            "enable_ip_forwarding": false,
            "id": "/subscriptions/9798ff17-1de5-4d3e-87dd-30683bcbe1c5/resourceGroups/my-azure-rsc-vm-serverweb/providers/Microsoft.Network/networkInterfaces/nic-serverweb",
            "internal_dns_name_label": "",
            "internal_domain_name_suffix": "",
            "ip_configuration": [
              {
                "gateway_load_balancer_frontend_ip_configuration_id": "",
                "name": "ipconfig1",
                "primary": true,
                "private_ip_address": "10.0.2.4",
                "private_ip_address_allocation": "Dynamic",
                "private_ip_address_version": "IPv4",
                "public_ip_address_id": "",
                "subnet_id": "/subscriptions/9798ff17-1de5-4d3e-87dd-30683bcbe1c5/resourceGroups/my-azure-rsc-vm-serverweb/providers/Microsoft.Network/virtualNetworks/vnet-serverweb/subnets/subnet-serverweb"
              }
            ],
            "ip_forwarding_enabled": false,
            "location": "francecentral",
            "mac_address": "00-22-48-38-AC-FF",
            "name": "nic-serverweb",
            "private_ip_address": "10.0.2.4",
            "private_ip_addresses": [
              "10.0.2.4"
            ],
            "resource_group_name": "my-azure-rsc-vm-serverweb",
            "tags": {},
            "timeouts": null,
            "virtual_machine_id": "/subscriptions/9798ff17-1de5-4d3e-87dd-30683bcbe1c5/resourceGroups/my-azure-rsc-vm-serverweb/providers/Microsoft.Compute/virtualMachines/vm-server-web"
          },
          "sensitive_attributes": [],
          "private": "eyJlMmJmYjczMC1lY2FhLTExZTYtOGY4OC0zNDM2M2JjN2M0YzAiOnsiY3JlYXRlIjoxODAwMDAwMDAwMDAwLCJkZWxldGUiOjE4MDAwMDAwMDAwMDAsInJlYWQiOjMwMDAwMDAwMDAwMCwidXBkYXRlIjoxODAwMDAwMDAwMDAwfX0=",
          "dependencies": [
            "azurerm_resource_group.my-azure-rsc",
            "azurerm_subnet.subnet",
            "azurerm_virtual_network.vnet"
          ]
        }
      ]
    },
    {
      "mode": "managed",
      "type": "azurerm_resource_group",
      "name": "my-azure-rsc",
      "provider": "provider[\"registry.terraform.io/hashicorp/azurerm\"]",
      "instances": [
        {
          "schema_version": 0,
          "attributes": {
            "id": "/subscriptions/9798ff17-1de5-4d3e-87dd-30683bcbe1c5/resourceGroups/my-azure-rsc-vm-serverweb",
            "location": "francecentral",
            "managed_by": "",
            "name": "my-azure-rsc-vm-serverweb",
            "tags": {},
            "timeouts": null
          },
          "sensitive_attributes": [],
          "private": "eyJlMmJmYjczMC1lY2FhLTExZTYtOGY4OC0zNDM2M2JjN2M0YzAiOnsiY3JlYXRlIjo1NDAwMDAwMDAwMDAwLCJkZWxldGUiOjU0MDAwMDAwMDAwMDAsInJlYWQiOjMwMDAwMDAwMDAwMCwidXBkYXRlIjo1NDAwMDAwMDAwMDAwfX0="
        }
      ]
    },
    {
      "mode": "managed",
      "type": "azurerm_storage_account",
      "name": "storage",
      "provider": "provider[\"registry.terraform.io/hashicorp/azurerm\"]",
      "instances": [
        {
          "schema_version": 4,
          "attributes": {
            "access_tier": "Hot",
            "account_kind": "StorageV2",
            "account_replication_type": "LRS",
            "account_tier": "Standard",
            "allow_nested_items_to_be_public": true,
            "allowed_copy_scope": "",
            "azure_files_authentication": [],
            "blob_properties": [
              {
                "change_feed_enabled": false,
                "change_feed_retention_in_days": 0,
                "container_delete_retention_policy": [],
                "cors_rule": [],
                "default_service_version": "",
                "delete_retention_policy": [],
                "last_access_time_enabled": false,
                "restore_policy": [],
                "versioning_enabled": false
              }
            ],
            "cross_tenant_replication_enabled": true,
            "custom_domain": [],
            "customer_managed_key": [],
            "default_to_oauth_authentication": false,
            "dns_endpoint_type": "Standard",
            "edge_zone": "",
            "enable_https_traffic_only": true,
            "https_traffic_only_enabled": true,
            "id": "/subscriptions/9798ff17-1de5-4d3e-87dd-30683bcbe1c5/resourceGroups/my-azure-rsc-vm-serverweb/providers/Microsoft.Storage/storageAccounts/storageserverweb123",
            "identity": [],
            "immutability_policy": [],
            "infrastructure_encryption_enabled": false,
            "is_hns_enabled": false,
            "large_file_share_enabled": false,
            "local_user_enabled": true,
            "location": "francecentral",
            "min_tls_version": "TLS1_2",
            "name": "storageserverweb123",
            "network_rules": [],
            "nfsv3_enabled": false,
            "primary_access_key": "bQaRITayilgZ/qoSo+0gjRgxw+tTMpMA5ODLWGBQfxEavAE/M1w8thR5E6I8hFMqPO3MN8iYcNTh+AStIa+P6g==",
            "primary_blob_connection_string": "DefaultEndpointsProtocol=https;BlobEndpoint=https://storageserverweb123.blob.core.windows.net/;AccountName=storageserverweb123;AccountKey=bQaRITayilgZ/qoSo+0gjRgxw+tTMpMA5ODLWGBQfxEavAE/M1w8thR5E6I8hFMqPO3MN8iYcNTh+AStIa+P6g==",
            "primary_blob_endpoint": "https://storageserverweb123.blob.core.windows.net/",
            "primary_blob_host": "storageserverweb123.blob.core.windows.net",
            "primary_blob_internet_endpoint": "",
            "primary_blob_internet_host": "",
            "primary_blob_microsoft_endpoint": "",
            "primary_blob_microsoft_host": "",
            "primary_connection_string": "DefaultEndpointsProtocol=https;AccountName=storageserverweb123;AccountKey=bQaRITayilgZ/qoSo+0gjRgxw+tTMpMA5ODLWGBQfxEavAE/M1w8thR5E6I8hFMqPO3MN8iYcNTh+AStIa+P6g==;EndpointSuffix=core.windows.net",
            "primary_dfs_endpoint": "https://storageserverweb123.dfs.core.windows.net/",
            "primary_dfs_host": "storageserverweb123.dfs.core.windows.net",
            "primary_dfs_internet_endpoint": "",
            "primary_dfs_internet_host": "",
            "primary_dfs_microsoft_endpoint": "",
            "primary_dfs_microsoft_host": "",
            "primary_file_endpoint": "https://storageserverweb123.file.core.windows.net/",
            "primary_file_host": "storageserverweb123.file.core.windows.net",
            "primary_file_internet_endpoint": "",
            "primary_file_internet_host": "",
            "primary_file_microsoft_endpoint": "",
            "primary_file_microsoft_host": "",
            "primary_location": "francecentral",
            "primary_queue_endpoint": "https://storageserverweb123.queue.core.windows.net/",
            "primary_queue_host": "storageserverweb123.queue.core.windows.net",
            "primary_queue_microsoft_endpoint": "",
            "primary_queue_microsoft_host": "",
            "primary_table_endpoint": "https://storageserverweb123.table.core.windows.net/",
            "primary_table_host": "storageserverweb123.table.core.windows.net",
            "primary_table_microsoft_endpoint": "",
            "primary_table_microsoft_host": "",
            "primary_web_endpoint": "https://storageserverweb123.z28.web.core.windows.net/",
            "primary_web_host": "storageserverweb123.z28.web.core.windows.net",
            "primary_web_internet_endpoint": "",
            "primary_web_internet_host": "",
            "primary_web_microsoft_endpoint": "",
            "primary_web_microsoft_host": "",
            "public_network_access_enabled": true,
            "queue_encryption_key_type": "Service",
            "queue_properties": [
              {
                "cors_rule": [],
                "hour_metrics": [
                  {
                    "enabled": false,
                    "include_apis": false,
                    "retention_policy_days": 0,
                    "version": "1.0"
                  }
                ],
                "logging": [
                  {
                    "delete": false,
                    "read": false,
                    "retention_policy_days": 0,
                    "version": "1.0",
                    "write": false
                  }
                ],
                "minute_metrics": [
                  {
                    "enabled": false,
                    "include_apis": false,
                    "retention_policy_days": 0,
                    "version": "1.0"
                  }
                ]
              }
            ],
            "resource_group_name": "my-azure-rsc-vm-serverweb",
            "routing": [],
            "sas_policy": [],
           
            "secondary_blob_connection_string": "",
            "secondary_blob_endpoint": "",
            "secondary_blob_host": "",
            "secondary_blob_internet_endpoint": "",
            "secondary_blob_internet_host": "",
            "secondary_blob_microsoft_endpoint": "",
            "secondary_blob_microsoft_host": "",
            "secondary_connection_string": "DefaultEndpointsProtocol=https;AccountName=storageserverweb123;AccountKey=4xDkpI+ckz0iYRQpuSYJJVaHNY38nQxrZN6T4rfNUvFl/1tmuNha+ozWrKIl4+G0rpNQ2J7U1n6j+AStFsMRyw==;EndpointSuffix=core.windows.net",
            "secondary_dfs_endpoint": "",
            "secondary_dfs_host": "",
            "secondary_dfs_internet_endpoint": "",
            "secondary_dfs_internet_host": "",
            "secondary_dfs_microsoft_endpoint": "",
            "secondary_dfs_microsoft_host": "",
            "secondary_file_endpoint": "",
            "secondary_file_host": "",
            "secondary_file_internet_endpoint": "",
            "secondary_file_internet_host": "",
            "secondary_file_microsoft_endpoint": "",
            "secondary_file_microsoft_host": "",
            "secondary_location": "",
            "secondary_queue_endpoint": "",
            "secondary_queue_host": "",
            "secondary_queue_microsoft_endpoint": "",
            "secondary_queue_microsoft_host": "",
            "secondary_table_endpoint": "",
            "secondary_table_host": "",
            "secondary_table_microsoft_endpoint": "",
            "secondary_table_microsoft_host": "",
            "secondary_web_endpoint": "",
            "secondary_web_host": "",
            "secondary_web_internet_endpoint": "",
            "secondary_web_internet_host": "",
            "secondary_web_microsoft_endpoint": "",
            "secondary_web_microsoft_host": "",
            "sftp_enabled": false,
            "share_properties": [
              {
                "cors_rule": [],
                "retention_policy": [
                  {
                    "days": 7
                  }
                ],
                "smb": []
              }
            ],
            "shared_access_key_enabled": true,
            "static_website": [],
            "table_encryption_key_type": "Service",
            "tags": {},
            "timeouts": null
          },
          "sensitive_attributes": [
            [
              {
                "type": "get_attr",
                "value": "secondary_connection_string"
              }
            ],
            [
              {
                "type": "get_attr",
                "value": "secondary_access_key"
              }
            ],
            [
              {
                "type": "get_attr",
                "value": "secondary_blob_connection_string"
              }
            ],
            [
              {
                "type": "get_attr",
                "value": "primary_blob_connection_string"
              }
            ],
            [
              {
                "type": "get_attr",
                "value": "primary_access_key"
              }
            ],
            [
              {
                "type": "get_attr",
                "value": "primary_connection_string"
              }
            ]
          ],
          "private": "eyJlMmJmYjczMC1lY2FhLTExZTYtOGY4OC0zNDM2M2JjN2M0YzAiOnsiY3JlYXRlIjozNjAwMDAwMDAwMDAwLCJkZWxldGUiOjM2MDAwMDAwMDAwMDAsInJlYWQiOjMwMDAwMDAwMDAwMCwidXBkYXRlIjozNjAwMDAwMDAwMDAwfSwic2NoZW1hX3ZlcnNpb24iOiI0In0=",
          "dependencies": [
            "azurerm_resource_group.my-azure-rsc"
          ]
        }
      ]
    },
    {
      "mode": "managed",
      "type": "azurerm_storage_container",
      "name": "blob_container",
      "provider": "provider[\"registry.terraform.io/hashicorp/azurerm\"]",
      "instances": [
        {
          "schema_version": 1,
          "attributes": {
            "container_access_type": "private",
            "default_encryption_scope": "$account-encryption-key",
            "encryption_scope_override_enabled": true,
            "has_immutability_policy": false,
            "has_legal_hold": false,
            "id": "https://storageserverweb123.blob.core.windows.net/my-container",
            "metadata": {},
            "name": "my-container",
            "resource_manager_id": "/subscriptions/9798ff17-1de5-4d3e-87dd-30683bcbe1c5/resourceGroups/my-azure-rsc-vm-serverweb/providers/Microsoft.Storage/storageAccounts/storageserverweb123/blobServices/default/containers/my-container",
            "storage_account_name": "storageserverweb123",
            "timeouts": null
          },
          "sensitive_attributes": [],
          "private": "eyJlMmJmYjczMC1lY2FhLTExZTYtOGY4OC0zNDM2M2JjN2M0YzAiOnsiY3JlYXRlIjoxODAwMDAwMDAwMDAwLCJkZWxldGUiOjE4MDAwMDAwMDAwMDAsInJlYWQiOjMwMDAwMDAwMDAwMCwidXBkYXRlIjoxODAwMDAwMDAwMDAwfSwic2NoZW1hX3ZlcnNpb24iOiIxIn0=",
          "dependencies": [
            "azurerm_resource_group.my-azure-rsc",
            "azurerm_storage_account.storage"
          ]
        }
      ]
    },
    {
      "mode": "managed",
      "type": "azurerm_subnet",
      "name": "subnet",
      "provider": "provider[\"registry.terraform.io/hashicorp/azurerm\"]",
      "instances": [
        {
          "schema_version": 0,
          "attributes": {
            "address_prefixes": [
              "10.0.2.0/24"
            ],
            "default_outbound_access_enabled": true,
            "delegation": [],
            "enforce_private_link_endpoint_network_policies": false,
            "enforce_private_link_service_network_policies": false,
            "id": "/subscriptions/9798ff17-1de5-4d3e-87dd-30683bcbe1c5/resourceGroups/my-azure-rsc-vm-serverweb/providers/Microsoft.Network/virtualNetworks/vnet-serverweb/subnets/subnet-serverweb",
            "name": "subnet-serverweb",
            "private_endpoint_network_policies": "Enabled",
            "private_endpoint_network_policies_enabled": true,
            "private_link_service_network_policies_enabled": true,
            "resource_group_name": "my-azure-rsc-vm-serverweb",
            "service_endpoint_policy_ids": [],
            "service_endpoints": [],
            "timeouts": null,
            "virtual_network_name": "vnet-serverweb"
          },
          "sensitive_attributes": [],
          "private": "eyJlMmJmYjczMC1lY2FhLTExZTYtOGY4OC0zNDM2M2JjN2M0YzAiOnsiY3JlYXRlIjoxODAwMDAwMDAwMDAwLCJkZWxldGUiOjE4MDAwMDAwMDAwMDAsInJlYWQiOjMwMDAwMDAwMDAwMCwidXBkYXRlIjoxODAwMDAwMDAwMDAwfX0=",
          "dependencies": [
            "azurerm_resource_group.my-azure-rsc",
            "azurerm_virtual_network.vnet"
          ]
        }
      ]
    },
    {
      "mode": "managed",
      "type": "azurerm_virtual_network",
      "name": "vnet",
      "provider": "provider[\"registry.terraform.io/hashicorp/azurerm\"]",
      "instances": [
        {
          "schema_version": 0,
          "attributes": {
            "address_space": [
              "10.0.0.0/16"
            ],
            "bgp_community": "",
            "ddos_protection_plan": [],
            "dns_servers": [],
            "edge_zone": "",
            "encryption": [],
            "flow_timeout_in_minutes": 0,
            "guid": "9658273f-cb6e-446b-aed4-416730af5b1f",
            "id": "/subscriptions/9798ff17-1de5-4d3e-87dd-30683bcbe1c5/resourceGroups/my-azure-rsc-vm-serverweb/providers/Microsoft.Network/virtualNetworks/vnet-serverweb",
            "location": "francecentral",
            "name": "vnet-serverweb",
            "resource_group_name": "my-azure-rsc-vm-serverweb",
            "subnet": [
              {
                "address_prefix": "10.0.2.0/24",
                "id": "/subscriptions/9798ff17-1de5-4d3e-87dd-30683bcbe1c5/resourceGroups/my-azure-rsc-vm-serverweb/providers/Microsoft.Network/virtualNetworks/vnet-serverweb/subnets/subnet-serverweb",
                "name": "subnet-serverweb",
                "security_group": ""
              }
            ],
            "tags": {},
            "timeouts": null
          },
          "sensitive_attributes": [],
          "private": "eyJlMmJmYjczMC1lY2FhLTExZTYtOGY4OC0zNDM2M2JjN2M0YzAiOnsiY3JlYXRlIjoxODAwMDAwMDAwMDAwLCJkZWxldGUiOjE4MDAwMDAwMDAwMDAsInJlYWQiOjMwMDAwMDAwMDAwMCwidXBkYXRlIjoxODAwMDAwMDAwMDAwfX0=",
          "dependencies": [
            "azurerm_resource_group.my-azure-rsc"
          ]
        }
      ]
    }
  ],
  "check_results": null
}
